# This file is autogenerated, do not edit; changes may be undone by the next 'dep ensure'.


[[projects]]
  digest = "1:04457f9f6f3ffc5fea48e71d62f2ca256637dee0a04d710288e27e05c8b41976"
  name = "github.com/Sirupsen/logrus"
  packages = ["."]
  pruneopts = "UT"
  revision = "839c75faf7f98a33d445d181f3018b5c3409a45e"
  version = "v1.4.2"

[[projects]]
  digest = "1:ffe9824d294da03b391f44e1ae8281281b4afc1bdaa9588c9097785e3af10cec"
  name = "github.com/davecgh/go-spew"
  packages = ["spew"]
  pruneopts = "UT"
  revision = "8991bc29aa16c548c550c7ff78260e27b9ab7c73"
  version = "v1.1.1"

[[projects]]
  digest = "1:870d441fe217b8e689d7949fef6e43efbc787e50f200cb1e70dbca9204a1d6be"
  name = "github.com/inconshreveable/mousetrap"
  packages = ["."]
  pruneopts = "UT"
  revision = "76626ae9c91c4f2a10f34cad8ce83ea42c93bb75"
  version = "v1.0"

[[projects]]
  digest = "1:31e761d97c76151dde79e9d28964a812c46efc5baee4085b86f68f0c654450de"
  name = "github.com/konsorten/go-windows-terminal-sequences"
  packages = ["."]
  pruneopts = "UT"
  revision = "f55edac94c9bbba5d6182a4be46d86a2c9b5b50e"
  version = "v1.0.2"

[[projects]]
  digest = "1:6f1a5c49ba08f49872302888da9e807c295019b75eaae7ae5328ea76254dffc5"
  name = "github.com/labstack/echo"
  packages = ["."]
  pruneopts = "UT"
  revision = "6b9408d1d1f356a75c9ce61ee708f0d62d686931"
  version = "v4.1.6"

[[projects]]
  digest = "1:9bc108827ac1d8783dea294f1ef07732fa4ca7d6e20518c04888a85828eba4ce"
  name = "github.com/labstack/gommon"
  packages = [
    "color",
    "log",
  ]
  pruneopts = "UT"
  revision = "ab0bfd9a5eba33a8c364bf3390d809ed23c31f97"
  version = "v0.2.9"

[[projects]]
  digest = "1:7c084e0e780596dd2a7e20d25803909a9a43689c153de953520dfbc0b0e51166"
  name = "github.com/mattn/go-colorable"
  packages = ["."]
  pruneopts = "UT"
  revision = "8029fb3788e5a4a9c00e415f586a6d033f5d38b3"
  version = "v0.1.2"

[[projects]]
  digest = "1:9b90c7639a41697f3d4ad12d7d67dfacc9a7a4a6e0bbfae4fc72d0da57c28871"
  name = "github.com/mattn/go-isatty"
  packages = ["."]
  pruneopts = "UT"
  revision = "1311e847b0cb909da63b5fecfb5370aa66236465"
  version = "v0.0.8"

[[projects]]
  digest = "1:0028cb19b2e4c3112225cd871870f2d9cf49b9b4276531f03438a88e94be86fe"
  name = "github.com/pmezard/go-difflib"
  packages = ["difflib"]
  pruneopts = "UT"
  revision = "792786c7400a136282c1664665ae0a8db921c6c2"
  version = "v1.0.0"

[[projects]]
  digest = "1:e096613fb7cf34743d49af87d197663cfccd61876e2219853005a57baedfa562"
  name = "github.com/spf13/cobra"
  packages = ["."]
  pruneopts = "UT"
  revision = "f2b07da1e2c38d5f12845a4f607e2e1018cbb1f5"
  version = "v0.0.5"

[[projects]]
  digest = "1:c1b1102241e7f645bc8e0c22ae352e8f0dc6484b6cb4d132fa9f24174e0119e2"
  name = "github.com/spf13/pflag"
  packages = ["."]
  pruneopts = "UT"
  revision = "298182f68c66c05229eb03ac171abe6e309ee79a"
  version = "v1.0.3"

[[projects]]
  digest = "1:ac83cf90d08b63ad5f7e020ef480d319ae890c208f8524622a2f3136e2686b02"
  name = "github.com/stretchr/objx"
  packages = ["."]
  pruneopts = "UT"
  revision = "477a77ecc69700c7cdeb1fa9e129548e1c1c393c"
  version = "v0.1.1"

[[projects]]
  digest = "1:0bcc464dabcfad5393daf87c3f8142911d0f6c52569b837e91a1c15e890265f3"
  name = "github.com/stretchr/testify"
  packages = [
    "assert",
    "mock",
  ]
  pruneopts = "UT"
  revision = "ffdc059bfe9ce6a4e144ba849dbedead332c6053"
  version = "v1.3.0"

[[projects]]
  digest = "1:c468422f334a6b46a19448ad59aaffdfc0a36b08fdcc1c749a0b29b6453d7e59"
  name = "github.com/valyala/bytebufferpool"
  packages = ["."]
  pruneopts = "UT"
  revision = "e746df99fe4a3986f4d4f79e13c1e0117ce9c2f7"
  version = "v1.0.0"

[[projects]]
  digest = "1:4d29fdc69817829d8c78473d61613d984ce59675110cee7a2f0314f332cc70a2"
  name = "github.com/valyala/fasttemplate"
  packages = ["."]
  pruneopts = "UT"
  revision = "8b5e4e491ab636663841c42ea3c5a9adebabaf36"
  version = "v1.0.1"

[[projects]]
  branch = "master"
  digest = "1:cb823a5f7777276059b25eaadda6a12892f3beb6d0deee01df0d8f8692ffcc82"
  name = "golang.org/x/crypto"
  packages = [
    "acme",
    "acme/autocert",
  ]
  pruneopts = "UT"
  revision = "4def268fd1a49955bfb3dda92fe3db4f924f2285"

[[projects]]
  branch = "master"
  digest = "1:15a159ca3e34c429f800dd822cbb37707e98552c9523b8d07fdd244dba62f04b"
  name = "golang.org/x/net"
  packages = ["idna"]
  pruneopts = "UT"
  revision = "ca1201d0de80cfde86cb01aea620983605dfe99b"

[[projects]]
  branch = "master"
  digest = "1:ec99dad7924bf972656818f5d62216fb987b7e077d401deb86b3c1e5e1b1d4d6"
  name = "golang.org/x/sys"
  packages = ["unix"]
  pruneopts = "UT"
  revision = "94b544f455efde7a614f75a3e43a2a65bce93113"

[[projects]]
  digest = "1:8d8faad6b12a3a4c819a3f9618cb6ee1fa1cfc33253abeeea8b55336721e3405"
  name = "golang.org/x/text"
  packages = [
    "collate",
    "collate/build",
    "internal/colltab",
    "internal/gen",
    "internal/language",
    "internal/language/compact",
    "internal/tag",
    "internal/triegen",
    "internal/ucd",
    "language",
    "secure/bidirule",
    "transform",
    "unicode/bidi",
    "unicode/cldr",
    "unicode/norm",
    "unicode/rangetable",
  ]
  pruneopts = "UT"
  revision = "342b2e1fbaa52c93f31447ad2c6abc048c63e475"
  version = "v0.3.2"

[solve-meta]
  analyzer-name = "dep"
  analyzer-version = 1
  input-imports = [
    "github.com/Sirupsen/logrus",
    "github.com/davecgh/go-spew/spew",
    "github.com/labstack/echo",
    "github.com/spf13/cobra",
    "github.com/stretchr/testify/mock",
  ]
  solver-name = "gps-cdcl"
  solver-version = 1
